// !$*UTF8*$!
{
	archiveVersion = 1;
	classes = {
	};
	objectVersion = 55;
	objects = {

/* Begin PBXBuildFile section */
		3619AC50288A046100592944 /* Constants.swift in Sources */ = {isa = PBXBuildFile; fileRef = 3619AC4F288A046100592944 /* Constants.swift */; };
		3619AC52288C8D9500592944 /* GFItemInfoView.swift in Sources */ = {isa = PBXBuildFile; fileRef = 3619AC51288C8D9500592944 /* GFItemInfoView.swift */; };
		3619AC54288C944E00592944 /* GFItemInfoViewController.swift in Sources */ = {isa = PBXBuildFile; fileRef = 3619AC53288C944E00592944 /* GFItemInfoViewController.swift */; };
		3619AC56288C9A9F00592944 /* GFRepoItemViewController.swift in Sources */ = {isa = PBXBuildFile; fileRef = 3619AC55288C9A9F00592944 /* GFRepoItemViewController.swift */; };
		3619AC58288CA03800592944 /* GFFollowerItemViewController.swift in Sources */ = {isa = PBXBuildFile; fileRef = 3619AC57288CA03800592944 /* GFFollowerItemViewController.swift */; };
		3619AC5B288CA38500592944 /* Date+Extension.swift in Sources */ = {isa = PBXBuildFile; fileRef = 3619AC5A288CA38500592944 /* Date+Extension.swift */; };
		3619AC5D288CA3CE00592944 /* String+Extension.swift in Sources */ = {isa = PBXBuildFile; fileRef = 3619AC5C288CA3CE00592944 /* String+Extension.swift */; };
		3619AC5F288E877300592944 /* PersistanceManager.swift in Sources */ = {isa = PBXBuildFile; fileRef = 3619AC5E288E877300592944 /* PersistanceManager.swift */; };
		3619AC61288F3AC800592944 /* FavoriteCell.swift in Sources */ = {isa = PBXBuildFile; fileRef = 3619AC60288F3AC800592944 /* FavoriteCell.swift */; };
		3619AC642890910100592944 /* GFTabBarController.swift in Sources */ = {isa = PBXBuildFile; fileRef = 3619AC632890910100592944 /* GFTabBarController.swift */; };
		3619AC662891D3DC00592944 /* GFAlertContainerView.swift in Sources */ = {isa = PBXBuildFile; fileRef = 3619AC652891D3DC00592944 /* GFAlertContainerView.swift */; };
		3619AC682891E2DB00592944 /* GFDataLoadingViewController.swift in Sources */ = {isa = PBXBuildFile; fileRef = 3619AC672891E2DB00592944 /* GFDataLoadingViewController.swift */; };
		3619AC6A28931DF700592944 /* UIView+Extension.swift in Sources */ = {isa = PBXBuildFile; fileRef = 3619AC6928931DF700592944 /* UIView+Extension.swift */; };
		3619AC6C2895CEFC00592944 /* UITableView+Extension.swift in Sources */ = {isa = PBXBuildFile; fileRef = 3619AC6B2895CEFC00592944 /* UITableView+Extension.swift */; };
		3664133A287F576A0059C347 /* AppDelegate.swift in Sources */ = {isa = PBXBuildFile; fileRef = 36641339287F576A0059C347 /* AppDelegate.swift */; };
		3664133C287F576A0059C347 /* SceneDelegate.swift in Sources */ = {isa = PBXBuildFile; fileRef = 3664133B287F576A0059C347 /* SceneDelegate.swift */; };
		36641343287F57720059C347 /* Assets.xcassets in Resources */ = {isa = PBXBuildFile; fileRef = 36641342287F57720059C347 /* Assets.xcassets */; };
		36641346287F57720059C347 /* LaunchScreen.storyboard in Resources */ = {isa = PBXBuildFile; fileRef = 36641344287F57720059C347 /* LaunchScreen.storyboard */; };
		3664134E28809F890059C347 /* SearchViewController.swift in Sources */ = {isa = PBXBuildFile; fileRef = 3664134D28809F890059C347 /* SearchViewController.swift */; };
		3664135028809FC80059C347 /* FavoritesListViewController.swift in Sources */ = {isa = PBXBuildFile; fileRef = 3664134F28809FC80059C347 /* FavoritesListViewController.swift */; };
		366413522880AB0A0059C347 /* GFButton.swift in Sources */ = {isa = PBXBuildFile; fileRef = 366413512880AB0A0059C347 /* GFButton.swift */; };
		366413542881AD840059C347 /* GFTextField.swift in Sources */ = {isa = PBXBuildFile; fileRef = 366413532881AD840059C347 /* GFTextField.swift */; };
		36641356288214B20059C347 /* FollowerListViewController.swift in Sources */ = {isa = PBXBuildFile; fileRef = 36641355288214B20059C347 /* FollowerListViewController.swift */; };
		3664135828836A770059C347 /* GFTitleLabel.swift in Sources */ = {isa = PBXBuildFile; fileRef = 3664135728836A770059C347 /* GFTitleLabel.swift */; };
		3664135A28836BF60059C347 /* GFBodyLabel.swift in Sources */ = {isa = PBXBuildFile; fileRef = 3664135928836BF60059C347 /* GFBodyLabel.swift */; };
		3664135C28836D9F0059C347 /* GFAlertViewController.swift in Sources */ = {isa = PBXBuildFile; fileRef = 3664135B28836D9F0059C347 /* GFAlertViewController.swift */; };
		3664135E2884B6650059C347 /* UIViewController+Extension.swift in Sources */ = {isa = PBXBuildFile; fileRef = 3664135D2884B6650059C347 /* UIViewController+Extension.swift */; };
		366413652884BF0C0059C347 /* Follower.swift in Sources */ = {isa = PBXBuildFile; fileRef = 366413642884BF0C0059C347 /* Follower.swift */; };
		366413672884BFD40059C347 /* User.swift in Sources */ = {isa = PBXBuildFile; fileRef = 366413662884BFD40059C347 /* User.swift */; };
		3664136A2884C48E0059C347 /* NetworkManager.swift in Sources */ = {isa = PBXBuildFile; fileRef = 366413692884C48E0059C347 /* NetworkManager.swift */; };
		3664136D2885F6E40059C347 /* ErrorMessage.swift in Sources */ = {isa = PBXBuildFile; fileRef = 3664136C2885F6E40059C347 /* ErrorMessage.swift */; };
		36641370288604680059C347 /* FollowerCell.swift in Sources */ = {isa = PBXBuildFile; fileRef = 3664136F288604680059C347 /* FollowerCell.swift */; };
		366413722886051B0059C347 /* GFAvatarImageView.swift in Sources */ = {isa = PBXBuildFile; fileRef = 366413712886051B0059C347 /* GFAvatarImageView.swift */; };
		366413742887552E0059C347 /* UIHelper.swift in Sources */ = {isa = PBXBuildFile; fileRef = 366413732887552E0059C347 /* UIHelper.swift */; };
		3664137C288977B60059C347 /* GFEmptyStateView.swift in Sources */ = {isa = PBXBuildFile; fileRef = 3664137B288977B60059C347 /* GFEmptyStateView.swift */; };
		3664137E2889BD8D0059C347 /* UserInfoViewController.swift in Sources */ = {isa = PBXBuildFile; fileRef = 3664137D2889BD8D0059C347 /* UserInfoViewController.swift */; };
		366413802889F97E0059C347 /* GFUserInfoHeaderViewController.swift in Sources */ = {isa = PBXBuildFile; fileRef = 3664137F2889F97E0059C347 /* GFUserInfoHeaderViewController.swift */; };
		366413822889FA040059C347 /* GFSecondaryTitleLabel.swift in Sources */ = {isa = PBXBuildFile; fileRef = 366413812889FA040059C347 /* GFSecondaryTitleLabel.swift */; };
/* End PBXBuildFile section */

/* Begin PBXFileReference section */
		3619AC4F288A046100592944 /* Constants.swift */ = {isa = PBXFileReference; lastKnownFileType = sourcecode.swift; path = Constants.swift; sourceTree = "<group>"; };
		3619AC51288C8D9500592944 /* GFItemInfoView.swift */ = {isa = PBXFileReference; lastKnownFileType = sourcecode.swift; path = GFItemInfoView.swift; sourceTree = "<group>"; };
		3619AC53288C944E00592944 /* GFItemInfoViewController.swift */ = {isa = PBXFileReference; lastKnownFileType = sourcecode.swift; path = GFItemInfoViewController.swift; sourceTree = "<group>"; };
		3619AC55288C9A9F00592944 /* GFRepoItemViewController.swift */ = {isa = PBXFileReference; lastKnownFileType = sourcecode.swift; path = GFRepoItemViewController.swift; sourceTree = "<group>"; };
		3619AC57288CA03800592944 /* GFFollowerItemViewController.swift */ = {isa = PBXFileReference; lastKnownFileType = sourcecode.swift; path = GFFollowerItemViewController.swift; sourceTree = "<group>"; };
		3619AC5A288CA38500592944 /* Date+Extension.swift */ = {isa = PBXFileReference; lastKnownFileType = sourcecode.swift; path = "Date+Extension.swift"; sourceTree = "<group>"; };
		3619AC5C288CA3CE00592944 /* String+Extension.swift */ = {isa = PBXFileReference; lastKnownFileType = sourcecode.swift; path = "String+Extension.swift"; sourceTree = "<group>"; };
		3619AC5E288E877300592944 /* PersistanceManager.swift */ = {isa = PBXFileReference; lastKnownFileType = sourcecode.swift; path = PersistanceManager.swift; sourceTree = "<group>"; };
		3619AC60288F3AC800592944 /* FavoriteCell.swift */ = {isa = PBXFileReference; lastKnownFileType = sourcecode.swift; path = FavoriteCell.swift; sourceTree = "<group>"; };
		3619AC632890910100592944 /* GFTabBarController.swift */ = {isa = PBXFileReference; lastKnownFileType = sourcecode.swift; path = GFTabBarController.swift; sourceTree = "<group>"; };
		3619AC652891D3DC00592944 /* GFAlertContainerView.swift */ = {isa = PBXFileReference; lastKnownFileType = sourcecode.swift; path = GFAlertContainerView.swift; sourceTree = "<group>"; };
		3619AC672891E2DB00592944 /* GFDataLoadingViewController.swift */ = {isa = PBXFileReference; lastKnownFileType = sourcecode.swift; path = GFDataLoadingViewController.swift; sourceTree = "<group>"; };
		3619AC6928931DF700592944 /* UIView+Extension.swift */ = {isa = PBXFileReference; lastKnownFileType = sourcecode.swift; path = "UIView+Extension.swift"; sourceTree = "<group>"; };
		3619AC6B2895CEFC00592944 /* UITableView+Extension.swift */ = {isa = PBXFileReference; lastKnownFileType = sourcecode.swift; path = "UITableView+Extension.swift"; sourceTree = "<group>"; };
		36641336287F576A0059C347 /* GitFollowers.app */ = {isa = PBXFileReference; explicitFileType = wrapper.application; includeInIndex = 0; path = GitFollowers.app; sourceTree = BUILT_PRODUCTS_DIR; };
		36641339287F576A0059C347 /* AppDelegate.swift */ = {isa = PBXFileReference; lastKnownFileType = sourcecode.swift; path = AppDelegate.swift; sourceTree = "<group>"; };
		3664133B287F576A0059C347 /* SceneDelegate.swift */ = {isa = PBXFileReference; lastKnownFileType = sourcecode.swift; path = SceneDelegate.swift; sourceTree = "<group>"; };
		36641342287F57720059C347 /* Assets.xcassets */ = {isa = PBXFileReference; lastKnownFileType = folder.assetcatalog; path = Assets.xcassets; sourceTree = "<group>"; };
		36641345287F57720059C347 /* Base */ = {isa = PBXFileReference; lastKnownFileType = file.storyboard; name = Base; path = Base.lproj/LaunchScreen.storyboard; sourceTree = "<group>"; };
		36641347287F57720059C347 /* Info.plist */ = {isa = PBXFileReference; lastKnownFileType = text.plist.xml; path = Info.plist; sourceTree = "<group>"; };
		3664134D28809F890059C347 /* SearchViewController.swift */ = {isa = PBXFileReference; lastKnownFileType = sourcecode.swift; path = SearchViewController.swift; sourceTree = "<group>"; };
		3664134F28809FC80059C347 /* FavoritesListViewController.swift */ = {isa = PBXFileReference; lastKnownFileType = sourcecode.swift; path = FavoritesListViewController.swift; sourceTree = "<group>"; };
		366413512880AB0A0059C347 /* GFButton.swift */ = {isa = PBXFileReference; lastKnownFileType = sourcecode.swift; path = GFButton.swift; sourceTree = "<group>"; };
		366413532881AD840059C347 /* GFTextField.swift */ = {isa = PBXFileReference; lastKnownFileType = sourcecode.swift; path = GFTextField.swift; sourceTree = "<group>"; };
		36641355288214B20059C347 /* FollowerListViewController.swift */ = {isa = PBXFileReference; lastKnownFileType = sourcecode.swift; path = FollowerListViewController.swift; sourceTree = "<group>"; };
		3664135728836A770059C347 /* GFTitleLabel.swift */ = {isa = PBXFileReference; lastKnownFileType = sourcecode.swift; path = GFTitleLabel.swift; sourceTree = "<group>"; };
		3664135928836BF60059C347 /* GFBodyLabel.swift */ = {isa = PBXFileReference; lastKnownFileType = sourcecode.swift; path = GFBodyLabel.swift; sourceTree = "<group>"; };
		3664135B28836D9F0059C347 /* GFAlertViewController.swift */ = {isa = PBXFileReference; lastKnownFileType = sourcecode.swift; path = GFAlertViewController.swift; sourceTree = "<group>"; };
		3664135D2884B6650059C347 /* UIViewController+Extension.swift */ = {isa = PBXFileReference; lastKnownFileType = sourcecode.swift; path = "UIViewController+Extension.swift"; sourceTree = "<group>"; };
		366413642884BF0C0059C347 /* Follower.swift */ = {isa = PBXFileReference; lastKnownFileType = sourcecode.swift; path = Follower.swift; sourceTree = "<group>"; };
		366413662884BFD40059C347 /* User.swift */ = {isa = PBXFileReference; lastKnownFileType = sourcecode.swift; path = User.swift; sourceTree = "<group>"; };
		366413692884C48E0059C347 /* NetworkManager.swift */ = {isa = PBXFileReference; lastKnownFileType = sourcecode.swift; path = NetworkManager.swift; sourceTree = "<group>"; };
		3664136C2885F6E40059C347 /* ErrorMessage.swift */ = {isa = PBXFileReference; lastKnownFileType = sourcecode.swift; path = ErrorMessage.swift; sourceTree = "<group>"; };
		3664136F288604680059C347 /* FollowerCell.swift */ = {isa = PBXFileReference; lastKnownFileType = sourcecode.swift; path = FollowerCell.swift; sourceTree = "<group>"; };
		366413712886051B0059C347 /* GFAvatarImageView.swift */ = {isa = PBXFileReference; lastKnownFileType = sourcecode.swift; path = GFAvatarImageView.swift; sourceTree = "<group>"; };
		366413732887552E0059C347 /* UIHelper.swift */ = {isa = PBXFileReference; lastKnownFileType = sourcecode.swift; path = UIHelper.swift; sourceTree = "<group>"; };
		3664137B288977B60059C347 /* GFEmptyStateView.swift */ = {isa = PBXFileReference; lastKnownFileType = sourcecode.swift; path = GFEmptyStateView.swift; sourceTree = "<group>"; };
		3664137D2889BD8D0059C347 /* UserInfoViewController.swift */ = {isa = PBXFileReference; lastKnownFileType = sourcecode.swift; path = UserInfoViewController.swift; sourceTree = "<group>"; };
		3664137F2889F97E0059C347 /* GFUserInfoHeaderViewController.swift */ = {isa = PBXFileReference; lastKnownFileType = sourcecode.swift; path = GFUserInfoHeaderViewController.swift; sourceTree = "<group>"; };
		366413812889FA040059C347 /* GFSecondaryTitleLabel.swift */ = {isa = PBXFileReference; lastKnownFileType = sourcecode.swift; path = GFSecondaryTitleLabel.swift; sourceTree = "<group>"; };
/* End PBXFileReference section */

/* Begin PBXFrameworksBuildPhase section */
		36641333287F576A0059C347 /* Frameworks */ = {
			isa = PBXFrameworksBuildPhase;
			buildActionMask = 2147483647;
			files = (
			);
			runOnlyForDeploymentPostprocessing = 0;
		};
/* End PBXFrameworksBuildPhase section */

/* Begin PBXGroup section */
		3619AC59288CA0B300592944 /* ItemInfoViewControllers */ = {
			isa = PBXGroup;
			children = (
				3619AC53288C944E00592944 /* GFItemInfoViewController.swift */,
				3619AC55288C9A9F00592944 /* GFRepoItemViewController.swift */,
				3619AC57288CA03800592944 /* GFFollowerItemViewController.swift */,
			);
			path = ItemInfoViewControllers;
			sourceTree = "<group>";
		};
		3619AC62289090D800592944 /* TabBarControllers */ = {
			isa = PBXGroup;
			children = (
				3619AC632890910100592944 /* GFTabBarController.swift */,
			);
			path = TabBarControllers;
			sourceTree = "<group>";
		};
		3664132D287F576A0059C347 = {
			isa = PBXGroup;
			children = (
				36641338287F576A0059C347 /* GitFollowers */,
				36641337287F576A0059C347 /* Products */,
			);
			sourceTree = "<group>";
		};
		36641337287F576A0059C347 /* Products */ = {
			isa = PBXGroup;
			children = (
				36641336287F576A0059C347 /* GitFollowers.app */,
			);
			name = Products;
			sourceTree = "<group>";
		};
		36641338287F576A0059C347 /* GitFollowers */ = {
			isa = PBXGroup;
			children = (
				366413602884B9450059C347 /* Custom Views */,
				366413612884B97D0059C347 /* Extensions */,
				366413682884C47A0059C347 /* Managers */,
				366413632884BEF70059C347 /* Models */,
				366413622884B9DF0059C347 /* SupportFiles */,
				3664136B2885F6D30059C347 /* Utilities */,
				3664135F2884B8FB0059C347 /* ViewControllers */,
			);
			path = GitFollowers;
			sourceTree = "<group>";
		};
		3664135F2884B8FB0059C347 /* ViewControllers */ = {
			isa = PBXGroup;
			children = (
				3664134F28809FC80059C347 /* FavoritesListViewController.swift */,
				3664134D28809F890059C347 /* SearchViewController.swift */,
				36641355288214B20059C347 /* FollowerListViewController.swift */,
				3664137D2889BD8D0059C347 /* UserInfoViewController.swift */,
			);
			path = ViewControllers;
			sourceTree = "<group>";
		};
		366413602884B9450059C347 /* Custom Views */ = {
			isa = PBXGroup;
			children = (
				3619AC62289090D800592944 /* TabBarControllers */,
				3664137A288977830059C347 /* Views */,
				3664136E2886042E0059C347 /* Cell */,
				366413792889775A0059C347 /* ViewControllers */,
				36641375288977080059C347 /* Buttons */,
				366413762889771B0059C347 /* TextFields */,
				366413772889773E0059C347 /* Labels */,
				366413782889774F0059C347 /* ImageViews */,
			);
			path = "Custom Views";
			sourceTree = "<group>";
		};
		366413612884B97D0059C347 /* Extensions */ = {
			isa = PBXGroup;
			children = (
				3664135D2884B6650059C347 /* UIViewController+Extension.swift */,
				3619AC5A288CA38500592944 /* Date+Extension.swift */,
				3619AC5C288CA3CE00592944 /* String+Extension.swift */,
				3619AC6928931DF700592944 /* UIView+Extension.swift */,
				3619AC6B2895CEFC00592944 /* UITableView+Extension.swift */,
			);
			path = Extensions;
			sourceTree = "<group>";
		};
		366413622884B9DF0059C347 /* SupportFiles */ = {
			isa = PBXGroup;
			children = (
				36641339287F576A0059C347 /* AppDelegate.swift */,
				3664133B287F576A0059C347 /* SceneDelegate.swift */,
				36641342287F57720059C347 /* Assets.xcassets */,
				36641344287F57720059C347 /* LaunchScreen.storyboard */,
				36641347287F57720059C347 /* Info.plist */,
			);
			path = SupportFiles;
			sourceTree = "<group>";
		};
		366413632884BEF70059C347 /* Models */ = {
			isa = PBXGroup;
			children = (
				366413642884BF0C0059C347 /* Follower.swift */,
				366413662884BFD40059C347 /* User.swift */,
			);
			path = Models;
			sourceTree = "<group>";
		};
		366413682884C47A0059C347 /* Managers */ = {
			isa = PBXGroup;
			children = (
				366413692884C48E0059C347 /* NetworkManager.swift */,
				3619AC5E288E877300592944 /* PersistanceManager.swift */,
			);
			path = Managers;
			sourceTree = "<group>";
		};
		3664136B2885F6D30059C347 /* Utilities */ = {
			isa = PBXGroup;
			children = (
				3664136C2885F6E40059C347 /* ErrorMessage.swift */,
				366413732887552E0059C347 /* UIHelper.swift */,
				3619AC4F288A046100592944 /* Constants.swift */,
			);
			path = Utilities;
			sourceTree = "<group>";
		};
		3664136E2886042E0059C347 /* Cell */ = {
			isa = PBXGroup;
			children = (
				3664136F288604680059C347 /* FollowerCell.swift */,
				3619AC60288F3AC800592944 /* FavoriteCell.swift */,
			);
			path = Cell;
			sourceTree = "<group>";
		};
		36641375288977080059C347 /* Buttons */ = {
			isa = PBXGroup;
			children = (
				366413512880AB0A0059C347 /* GFButton.swift */,
			);
			path = Buttons;
			sourceTree = "<group>";
		};
		366413762889771B0059C347 /* TextFields */ = {
			isa = PBXGroup;
			children = (
				366413532881AD840059C347 /* GFTextField.swift */,
			);
			path = TextFields;
			sourceTree = "<group>";
		};
		366413772889773E0059C347 /* Labels */ = {
			isa = PBXGroup;
			children = (
				3664135728836A770059C347 /* GFTitleLabel.swift */,
				3664135928836BF60059C347 /* GFBodyLabel.swift */,
				366413812889FA040059C347 /* GFSecondaryTitleLabel.swift */,
			);
			path = Labels;
			sourceTree = "<group>";
		};
		366413782889774F0059C347 /* ImageViews */ = {
			isa = PBXGroup;
			children = (
				366413712886051B0059C347 /* GFAvatarImageView.swift */,
			);
			path = ImageViews;
			sourceTree = "<group>";
		};
		366413792889775A0059C347 /* ViewControllers */ = {
			isa = PBXGroup;
			children = (
				3664135B28836D9F0059C347 /* GFAlertViewController.swift */,
				3664137F2889F97E0059C347 /* GFUserInfoHeaderViewController.swift */,
				3619AC59288CA0B300592944 /* ItemInfoViewControllers */,
				3619AC672891E2DB00592944 /* GFDataLoadingViewController.swift */,
			);
			path = ViewControllers;
			sourceTree = "<group>";
		};
		3664137A288977830059C347 /* Views */ = {
			isa = PBXGroup;
			children = (
				3664137B288977B60059C347 /* GFEmptyStateView.swift */,
				3619AC51288C8D9500592944 /* GFItemInfoView.swift */,
				3619AC652891D3DC00592944 /* GFAlertContainerView.swift */,
			);
			path = Views;
			sourceTree = "<group>";
		};
/* End PBXGroup section */

/* Begin PBXNativeTarget section */
		36641335287F576A0059C347 /* GitFollowers */ = {
			isa = PBXNativeTarget;
			buildConfigurationList = 3664134A287F57720059C347 /* Build configuration list for PBXNativeTarget "GitFollowers" */;
			buildPhases = (
				36641332287F576A0059C347 /* Sources */,
				36641333287F576A0059C347 /* Frameworks */,
				36641334287F576A0059C347 /* Resources */,
			);
			buildRules = (
			);
			dependencies = (
			);
			name = GitFollowers;
			productName = GitFollowers;
			productReference = 36641336287F576A0059C347 /* GitFollowers.app */;
			productType = "com.apple.product-type.application";
		};
/* End PBXNativeTarget section */

/* Begin PBXProject section */
		3664132E287F576A0059C347 /* Project object */ = {
			isa = PBXProject;
			attributes = {
				BuildIndependentTargetsInParallel = 1;
				LastSwiftUpdateCheck = 1320;
				LastUpgradeCheck = 1320;
				TargetAttributes = {
					36641335287F576A0059C347 = {
						CreatedOnToolsVersion = 13.2.1;
					};
				};
			};
			buildConfigurationList = 36641331287F576A0059C347 /* Build configuration list for PBXProject "GitFollowers" */;
			compatibilityVersion = "Xcode 13.0";
			developmentRegion = en;
			hasScannedForEncodings = 0;
			knownRegions = (
				en,
				Base,
			);
			mainGroup = 3664132D287F576A0059C347;
			productRefGroup = 36641337287F576A0059C347 /* Products */;
			projectDirPath = "";
			projectRoot = "";
			targets = (
				36641335287F576A0059C347 /* GitFollowers */,
			);
		};
/* End PBXProject section */

/* Begin PBXResourcesBuildPhase section */
		36641334287F576A0059C347 /* Resources */ = {
			isa = PBXResourcesBuildPhase;
			buildActionMask = 2147483647;
			files = (
				36641346287F57720059C347 /* LaunchScreen.storyboard in Resources */,
				36641343287F57720059C347 /* Assets.xcassets in Resources */,
			);
			runOnlyForDeploymentPostprocessing = 0;
		};
/* End PBXResourcesBuildPhase section */

/* Begin PBXSourcesBuildPhase section */
		36641332287F576A0059C347 /* Sources */ = {
			isa = PBXSourcesBuildPhase;
			buildActionMask = 2147483647;
			files = (
				366413672884BFD40059C347 /* User.swift in Sources */,
				3664135C28836D9F0059C347 /* GFAlertViewController.swift in Sources */,
				3664137C288977B60059C347 /* GFEmptyStateView.swift in Sources */,
				3664135E2884B6650059C347 /* UIViewController+Extension.swift in Sources */,
				3664135028809FC80059C347 /* FavoritesListViewController.swift in Sources */,
				366413522880AB0A0059C347 /* GFButton.swift in Sources */,
				3619AC58288CA03800592944 /* GFFollowerItemViewController.swift in Sources */,
				3619AC56288C9A9F00592944 /* GFRepoItemViewController.swift in Sources */,
				3619AC6A28931DF700592944 /* UIView+Extension.swift in Sources */,
				3619AC50288A046100592944 /* Constants.swift in Sources */,
				366413742887552E0059C347 /* UIHelper.swift in Sources */,
				3619AC6C2895CEFC00592944 /* UITableView+Extension.swift in Sources */,
				3619AC682891E2DB00592944 /* GFDataLoadingViewController.swift in Sources */,
				366413722886051B0059C347 /* GFAvatarImageView.swift in Sources */,
				366413802889F97E0059C347 /* GFUserInfoHeaderViewController.swift in Sources */,
				3619AC52288C8D9500592944 /* GFItemInfoView.swift in Sources */,
				3664133A287F576A0059C347 /* AppDelegate.swift in Sources */,
				3619AC61288F3AC800592944 /* FavoriteCell.swift in Sources */,
				36641356288214B20059C347 /* FollowerListViewController.swift in Sources */,
				3619AC642890910100592944 /* GFTabBarController.swift in Sources */,
				3619AC5F288E877300592944 /* PersistanceManager.swift in Sources */,
				36641370288604680059C347 /* FollowerCell.swift in Sources */,
				3664136D2885F6E40059C347 /* ErrorMessage.swift in Sources */,
				3664135A28836BF60059C347 /* GFBodyLabel.swift in Sources */,
				3619AC662891D3DC00592944 /* GFAlertContainerView.swift in Sources */,
				366413652884BF0C0059C347 /* Follower.swift in Sources */,
				366413822889FA040059C347 /* GFSecondaryTitleLabel.swift in Sources */,
				3664135828836A770059C347 /* GFTitleLabel.swift in Sources */,
				3664136A2884C48E0059C347 /* NetworkManager.swift in Sources */,
				3664134E28809F890059C347 /* SearchViewController.swift in Sources */,
				3619AC54288C944E00592944 /* GFItemInfoViewController.swift in Sources */,
				3664137E2889BD8D0059C347 /* UserInfoViewController.swift in Sources */,
				3619AC5B288CA38500592944 /* Date+Extension.swift in Sources */,
				3664133C287F576A0059C347 /* SceneDelegate.swift in Sources */,
				3619AC5D288CA3CE00592944 /* String+Extension.swift in Sources */,
				366413542881AD840059C347 /* GFTextField.swift in Sources */,
			);
			runOnlyForDeploymentPostprocessing = 0;
		};
/* End PBXSourcesBuildPhase section */

/* Begin PBXVariantGroup section */
		36641344287F57720059C347 /* LaunchScreen.storyboard */ = {
			isa = PBXVariantGroup;
			children = (
				36641345287F57720059C347 /* Base */,
			);
			name = LaunchScreen.storyboard;
			sourceTree = "<group>";
		};
/* End PBXVariantGroup section */

/* Begin XCBuildConfiguration section */
		36641348287F57720059C347 /* Debug */ = {
			isa = XCBuildConfiguration;
			buildSettings = {
				ALWAYS_SEARCH_USER_PATHS = NO;
				CLANG_ANALYZER_NONNULL = YES;
				CLANG_ANALYZER_NUMBER_OBJECT_CONVERSION = YES_AGGRESSIVE;
				CLANG_CXX_LANGUAGE_STANDARD = "gnu++17";
				CLANG_CXX_LIBRARY = "libc++";
				CLANG_ENABLE_MODULES = YES;
				CLANG_ENABLE_OBJC_ARC = YES;
				CLANG_ENABLE_OBJC_WEAK = YES;
				CLANG_WARN_BLOCK_CAPTURE_AUTORELEASING = YES;
				CLANG_WARN_BOOL_CONVERSION = YES;
				CLANG_WARN_COMMA = YES;
				CLANG_WARN_CONSTANT_CONVERSION = YES;
				CLANG_WARN_DEPRECATED_OBJC_IMPLEMENTATIONS = YES;
				CLANG_WARN_DIRECT_OBJC_ISA_USAGE = YES_ERROR;
				CLANG_WARN_DOCUMENTATION_COMMENTS = YES;
				CLANG_WARN_EMPTY_BODY = YES;
				CLANG_WARN_ENUM_CONVERSION = YES;
				CLANG_WARN_INFINITE_RECURSION = YES;
				CLANG_WARN_INT_CONVERSION = YES;
				CLANG_WARN_NON_LITERAL_NULL_CONVERSION = YES;
				CLANG_WARN_OBJC_IMPLICIT_RETAIN_SELF = YES;
				CLANG_WARN_OBJC_LITERAL_CONVERSION = YES;
				CLANG_WARN_OBJC_ROOT_CLASS = YES_ERROR;
				CLANG_WARN_QUOTED_INCLUDE_IN_FRAMEWORK_HEADER = YES;
				CLANG_WARN_RANGE_LOOP_ANALYSIS = YES;
				CLANG_WARN_STRICT_PROTOTYPES = YES;
				CLANG_WARN_SUSPICIOUS_MOVE = YES;
				CLANG_WARN_UNGUARDED_AVAILABILITY = YES_AGGRESSIVE;
				CLANG_WARN_UNREACHABLE_CODE = YES;
				CLANG_WARN__DUPLICATE_METHOD_MATCH = YES;
				COPY_PHASE_STRIP = NO;
				DEBUG_INFORMATION_FORMAT = dwarf;
				ENABLE_STRICT_OBJC_MSGSEND = YES;
				ENABLE_TESTABILITY = YES;
				GCC_C_LANGUAGE_STANDARD = gnu11;
				GCC_DYNAMIC_NO_PIC = NO;
				GCC_NO_COMMON_BLOCKS = YES;
				GCC_OPTIMIZATION_LEVEL = 0;
				GCC_PREPROCESSOR_DEFINITIONS = (
					"DEBUG=1",
					"$(inherited)",
				);
				GCC_WARN_64_TO_32_BIT_CONVERSION = YES;
				GCC_WARN_ABOUT_RETURN_TYPE = YES_ERROR;
				GCC_WARN_UNDECLARED_SELECTOR = YES;
				GCC_WARN_UNINITIALIZED_AUTOS = YES_AGGRESSIVE;
				GCC_WARN_UNUSED_FUNCTION = YES;
				GCC_WARN_UNUSED_VARIABLE = YES;
				IPHONEOS_DEPLOYMENT_TARGET = 15.2;
				MTL_ENABLE_DEBUG_INFO = INCLUDE_SOURCE;
				MTL_FAST_MATH = YES;
				ONLY_ACTIVE_ARCH = YES;
				SDKROOT = iphoneos;
				SWIFT_ACTIVE_COMPILATION_CONDITIONS = DEBUG;
				SWIFT_OPTIMIZATION_LEVEL = "-Onone";
			};
			name = Debug;
		};
		36641349287F57720059C347 /* Release */ = {
			isa = XCBuildConfiguration;
			buildSettings = {
				ALWAYS_SEARCH_USER_PATHS = NO;
				CLANG_ANALYZER_NONNULL = YES;
				CLANG_ANALYZER_NUMBER_OBJECT_CONVERSION = YES_AGGRESSIVE;
				CLANG_CXX_LANGUAGE_STANDARD = "gnu++17";
				CLANG_CXX_LIBRARY = "libc++";
				CLANG_ENABLE_MODULES = YES;
				CLANG_ENABLE_OBJC_ARC = YES;
				CLANG_ENABLE_OBJC_WEAK = YES;
				CLANG_WARN_BLOCK_CAPTURE_AUTORELEASING = YES;
				CLANG_WARN_BOOL_CONVERSION = YES;
				CLANG_WARN_COMMA = YES;
				CLANG_WARN_CONSTANT_CONVERSION = YES;
				CLANG_WARN_DEPRECATED_OBJC_IMPLEMENTATIONS = YES;
				CLANG_WARN_DIRECT_OBJC_ISA_USAGE = YES_ERROR;
				CLANG_WARN_DOCUMENTATION_COMMENTS = YES;
				CLANG_WARN_EMPTY_BODY = YES;
				CLANG_WARN_ENUM_CONVERSION = YES;
				CLANG_WARN_INFINITE_RECURSION = YES;
				CLANG_WARN_INT_CONVERSION = YES;
				CLANG_WARN_NON_LITERAL_NULL_CONVERSION = YES;
				CLANG_WARN_OBJC_IMPLICIT_RETAIN_SELF = YES;
				CLANG_WARN_OBJC_LITERAL_CONVERSION = YES;
				CLANG_WARN_OBJC_ROOT_CLASS = YES_ERROR;
				CLANG_WARN_QUOTED_INCLUDE_IN_FRAMEWORK_HEADER = YES;
				CLANG_WARN_RANGE_LOOP_ANALYSIS = YES;
				CLANG_WARN_STRICT_PROTOTYPES = YES;
				CLANG_WARN_SUSPICIOUS_MOVE = YES;
				CLANG_WARN_UNGUARDED_AVAILABILITY = YES_AGGRESSIVE;
				CLANG_WARN_UNREACHABLE_CODE = YES;
				CLANG_WARN__DUPLICATE_METHOD_MATCH = YES;
				COPY_PHASE_STRIP = NO;
				DEBUG_INFORMATION_FORMAT = "dwarf-with-dsym";
				ENABLE_NS_ASSERTIONS = NO;
				ENABLE_STRICT_OBJC_MSGSEND = YES;
				GCC_C_LANGUAGE_STANDARD = gnu11;
				GCC_NO_COMMON_BLOCKS = YES;
				GCC_WARN_64_TO_32_BIT_CONVERSION = YES;
				GCC_WARN_ABOUT_RETURN_TYPE = YES_ERROR;
				GCC_WARN_UNDECLARED_SELECTOR = YES;
				GCC_WARN_UNINITIALIZED_AUTOS = YES_AGGRESSIVE;
				GCC_WARN_UNUSED_FUNCTION = YES;
				GCC_WARN_UNUSED_VARIABLE = YES;
				IPHONEOS_DEPLOYMENT_TARGET = 15.2;
				MTL_ENABLE_DEBUG_INFO = NO;
				MTL_FAST_MATH = YES;
				SDKROOT = iphoneos;
				SWIFT_COMPILATION_MODE = wholemodule;
				SWIFT_OPTIMIZATION_LEVEL = "-O";
				VALIDATE_PRODUCT = YES;
			};
			name = Release;
		};
		3664134B287F57720059C347 /* Debug */ = {
			isa = XCBuildConfiguration;
			buildSettings = {
				ASSETCATALOG_COMPILER_APPICON_NAME = AppIcon;
				ASSETCATALOG_COMPILER_GLOBAL_ACCENT_COLOR_NAME = AccentColor;
				CODE_SIGN_STYLE = Automatic;
				CURRENT_PROJECT_VERSION = 1;
				DEVELOPMENT_TEAM = CJ7JF497NG;
				GENERATE_INFOPLIST_FILE = YES;
				INFOPLIST_FILE = GitFollowers/SupportFiles/Info.plist;
				INFOPLIST_KEY_UIApplicationSupportsIndirectInputEvents = YES;
				INFOPLIST_KEY_UILaunchStoryboardName = LaunchScreen;
				INFOPLIST_KEY_UISupportedInterfaceOrientations = UIInterfaceOrientationPortrait;
				INFOPLIST_KEY_UISupportedInterfaceOrientations_iPad = UIInterfaceOrientationPortrait;
				INFOPLIST_KEY_UISupportedInterfaceOrientations_iPhone = UIInterfaceOrientationPortrait;
				IPHONEOS_DEPLOYMENT_TARGET = 15.2;
				LD_RUNPATH_SEARCH_PATHS = (
					"$(inherited)",
					"@executable_path/Frameworks",
				);
				MARKETING_VERSION = 1.0;
				PRODUCT_BUNDLE_IDENTIFIER = com.example.GitFollowers;
				PRODUCT_NAME = "$(TARGET_NAME)";
				SWIFT_EMIT_LOC_STRINGS = YES;
				SWIFT_VERSION = 5.0;
				TARGETED_DEVICE_FAMILY = 1;
			};
			name = Debug;
		};
		3664134C287F57720059C347 /* Release */ = {
			isa = XCBuildConfiguration;
			buildSettings = {
				ASSETCATALOG_COMPILER_APPICON_NAME = AppIcon;
				ASSETCATALOG_COMPILER_GLOBAL_ACCENT_COLOR_NAME = AccentColor;
				CODE_SIGN_STYLE = Automatic;
				CURRENT_PROJECT_VERSION = 1;
				DEVELOPMENT_TEAM = CJ7JF497NG;
				GENERATE_INFOPLIST_FILE = YES;
				INFOPLIST_FILE = GitFollowers/SupportFiles/Info.plist;
				INFOPLIST_KEY_UIApplicationSupportsIndirectInputEvents = YES;
				INFOPLIST_KEY_UILaunchStoryboardName = LaunchScreen;
				INFOPLIST_KEY_UISupportedInterfaceOrientations = UIInterfaceOrientationPortrait;
				INFOPLIST_KEY_UISupportedInterfaceOrientations_iPad = UIInterfaceOrientationPortrait;
				INFOPLIST_KEY_UISupportedInterfaceOrientations_iPhone = UIInterfaceOrientationPortrait;
				IPHONEOS_DEPLOYMENT_TARGET = 15.2;
				LD_RUNPATH_SEARCH_PATHS = (
					"$(inherited)",
					"@executable_path/Frameworks",
				);
				MARKETING_VERSION = 1.0;
				PRODUCT_BUNDLE_IDENTIFIER = com.example.GitFollowers;
				PRODUCT_NAME = "$(TARGET_NAME)";
				SWIFT_EMIT_LOC_STRINGS = YES;
				SWIFT_VERSION = 5.0;
				TARGETED_DEVICE_FAMILY = 1;
			};
			name = Release;
		};
/* End XCBuildConfiguration section */

/* Begin XCConfigurationList section */
		36641331287F576A0059C347 /* Build configuration list for PBXProject "GitFollowers" */ = {
			isa = XCConfigurationList;
			buildConfigurations = (
				36641348287F57720059C347 /* Debug */,
				36641349287F57720059C347 /* Release */,
			);
			defaultConfigurationIsVisible = 0;
			defaultConfigurationName = Release;
		};
		3664134A287F57720059C347 /* Build configuration list for PBXNativeTarget "GitFollowers" */ = {
			isa = XCConfigurationList;
			buildConfigurations = (
				3664134B287F57720059C347 /* Debug */,
				3664134C287F57720059C347 /* Release */,
			);
			defaultConfigurationIsVisible = 0;
			defaultConfigurationName = Release;
		};
/* End XCConfigurationList section */
	};
	rootObject = 3664132E287F576A0059C347 /* Project object */;
}
